
Microsoft Visual Studio Solution File, Format Version 12.00
# Visual Studio Version 17
VisualStudioVersion = 17.6.33815.320
MinimumVisualStudioVersion = 10.0.40219.1
Project("{FAE04EC0-301F-11D3-BF4B-00C04F79EFBC}") = "OnlineMovie", "OnlineMovie\OnlineMovie.csproj", "{AA8473F0-1FA7-42A4-AA0F-A745C73DD46B}"
EndProject
Global
	GlobalSection(SolutionConfigurationPlatforms) = preSolution
		Debug|Any CPU = Debug|Any CPU
		Release|Any CPU = Release|Any CPU
	EndGlobalSection
	GlobalSection(ProjectConfigurationPlatforms) = postSolution
		{AA8473F0-1FA7-42A4-AA0F-A745C73DD46B}.Debug|Any CPU.ActiveCfg = Debug|Any CPU
		{AA8473F0-1FA7-42A4-AA0F-A745C73DD46B}.Debug|Any CPU.Build.0 = Debug|Any CPU
		{AA8473F0-1FA7-42A4-AA0F-A745C73DD46B}.Release|Any CPU.ActiveCfg = Release|Any CPU
		{AA8473F0-1FA7-42A4-AA0F-A745C73DD46B}.Release|Any CPU.Build.0 = Release|Any CPU
	EndGlobalSection
	GlobalSection(SolutionProperties) = preSolution
		HideSolutionNode = FALSE
	EndGlobalSection
	GlobalSection(ExtensibilityGlobals) = postSolution
		SolutionGuid = {DC6B6033-729B-4D94-9BD6-325021021CB1}
	EndGlobalSection
EndGlobal
